
Microsoft Visual Studio Solution File, Format Version 12.00
# Visual Studio Version 17
VisualStudioVersion = 17.9.34902.65
MinimumVisualStudioVersion = 10.0.40219.1
Project("{9A19103F-16F7-4668-BE54-9A1E7A4F7556}") = "Entities", "Entities\Entities.csproj", "{52947575-9378-42A5-B84D-98692DB9B829}"
EndProject
Project("{9A19103F-16F7-4668-BE54-9A1E7A4F7556}") = "DataAccess", "DataAccess\DataAccess.csproj", "{E25055A5-7648-463F-A417-3ABEFD1C3743}"
EndProject
Project("{9A19103F-16F7-4668-BE54-9A1E7A4F7556}") = "Business", "Business\Business.csproj", "{FDEB40D3-44E4-4A02-A3F8-E40403B157C8}"
EndProject
Project("{9A19103F-16F7-4668-BE54-9A1E7A4F7556}") = "ConsoleAppUI", "ConsoleAppUI\ConsoleAppUI.csproj", "{8B315A0A-577B-442A-99DB-9DA48460088D}"
EndProject
Project("{9A19103F-16F7-4668-BE54-9A1E7A4F7556}") = "Core", "Core\Core.csproj", "{7ACCC40C-533F-4BDC-882B-A57BC592779D}"
EndProject
Project("{FAE04EC0-301F-11D3-BF4B-00C04F79EFBC}") = "API", "API\API.csproj", "{28B294C2-8760-46EC-BDD7-3E761CAC23E9}"
EndProject
Global
	GlobalSection(SolutionConfigurationPlatforms) = preSolution
		Debug|Any CPU = Debug|Any CPU
		Release|Any CPU = Release|Any CPU
	EndGlobalSection
	GlobalSection(ProjectConfigurationPlatforms) = postSolution
		{52947575-9378-42A5-B84D-98692DB9B829}.Debug|Any CPU.ActiveCfg = Debug|Any CPU
		{52947575-9378-42A5-B84D-98692DB9B829}.Debug|Any CPU.Build.0 = Debug|Any CPU
		{52947575-9378-42A5-B84D-98692DB9B829}.Release|Any CPU.ActiveCfg = Release|Any CPU
		{52947575-9378-42A5-B84D-98692DB9B829}.Release|Any CPU.Build.0 = Release|Any CPU
		{E25055A5-7648-463F-A417-3ABEFD1C3743}.Debug|Any CPU.ActiveCfg = Debug|Any CPU
		{E25055A5-7648-463F-A417-3ABEFD1C3743}.Debug|Any CPU.Build.0 = Debug|Any CPU
		{E25055A5-7648-463F-A417-3ABEFD1C3743}.Release|Any CPU.ActiveCfg = Release|Any CPU
		{E25055A5-7648-463F-A417-3ABEFD1C3743}.Release|Any CPU.Build.0 = Release|Any CPU
		{FDEB40D3-44E4-4A02-A3F8-E40403B157C8}.Debug|Any CPU.ActiveCfg = Debug|Any CPU
		{FDEB40D3-44E4-4A02-A3F8-E40403B157C8}.Debug|Any CPU.Build.0 = Debug|Any CPU
		{FDEB40D3-44E4-4A02-A3F8-E40403B157C8}.Release|Any CPU.ActiveCfg = Release|Any CPU
		{FDEB40D3-44E4-4A02-A3F8-E40403B157C8}.Release|Any CPU.Build.0 = Release|Any CPU
		{8B315A0A-577B-442A-99DB-9DA48460088D}.Debug|Any CPU.ActiveCfg = Debug|Any CPU
		{8B315A0A-577B-442A-99DB-9DA48460088D}.Debug|Any CPU.Build.0 = Debug|Any CPU
		{8B315A0A-577B-442A-99DB-9DA48460088D}.Release|Any CPU.ActiveCfg = Release|Any CPU
		{8B315A0A-577B-442A-99DB-9DA48460088D}.Release|Any CPU.Build.0 = Release|Any CPU
		{7ACCC40C-533F-4BDC-882B-A57BC592779D}.Debug|Any CPU.ActiveCfg = Debug|Any CPU
		{7ACCC40C-533F-4BDC-882B-A57BC592779D}.Debug|Any CPU.Build.0 = Debug|Any CPU
		{7ACCC40C-533F-4BDC-882B-A57BC592779D}.Release|Any CPU.ActiveCfg = Release|Any CPU
		{7ACCC40C-533F-4BDC-882B-A57BC592779D}.Release|Any CPU.Build.0 = Release|Any CPU
		{28B294C2-8760-46EC-BDD7-3E761CAC23E9}.Debug|Any CPU.ActiveCfg = Debug|Any CPU
		{28B294C2-8760-46EC-BDD7-3E761CAC23E9}.Debug|Any CPU.Build.0 = Debug|Any CPU
		{28B294C2-8760-46EC-BDD7-3E761CAC23E9}.Release|Any CPU.ActiveCfg = Release|Any CPU
		{28B294C2-8760-46EC-BDD7-3E761CAC23E9}.Release|Any CPU.Build.0 = Release|Any CPU
	EndGlobalSection
	GlobalSection(SolutionProperties) = preSolution
		HideSolutionNode = FALSE
	EndGlobalSection
	GlobalSection(ExtensibilityGlobals) = postSolution
		SolutionGuid = {119C0A9D-BC55-49D2-99FA-F911F9834779}
	EndGlobalSection
EndGlobal
